
Microsoft Visual Studio Solution File, Format Version 12.00
# Visual Studio Version 17
VisualStudioVersion = 17.5.002.0
MinimumVisualStudioVersion = 10.0.40219.1
Project("{9A19103F-16F7-4668-BE54-9A1E7A4F7556}") = "Fina.Api", "Fina.Api.csproj", "{BE4ACAAD-8C9D-4C21-A496-0C05151680DF}"
EndProject
Global
	GlobalSection(SolutionConfigurationPlatforms) = preSolution
		Debug|Any CPU = Debug|Any CPU
		Release|Any CPU = Release|Any CPU
	EndGlobalSection
	GlobalSection(ProjectConfigurationPlatforms) = postSolution
		{BE4ACAAD-8C9D-4C21-A496-0C05151680DF}.Debug|Any CPU.ActiveCfg = Debug|Any CPU
		{BE4ACAAD-8C9D-4C21-A496-0C05151680DF}.Debug|Any CPU.Build.0 = Debug|Any CPU
		{BE4ACAAD-8C9D-4C21-A496-0C05151680DF}.Release|Any CPU.ActiveCfg = Release|Any CPU
		{BE4ACAAD-8C9D-4C21-A496-0C05151680DF}.Release|Any CPU.Build.0 = Release|Any CPU
	EndGlobalSection
	GlobalSection(SolutionProperties) = preSolution
		HideSolutionNode = FALSE
	EndGlobalSection
	GlobalSection(ExtensibilityGlobals) = postSolution
		SolutionGuid = {474EB9BB-DA74-4031-ABD2-B56A3E300B44}
	EndGlobalSection
EndGlobal
